
Microsoft Visual Studio Solution File, Format Version 12.00
# Visual Studio Version 16
VisualStudioVersion = 16.0.31911.196
MinimumVisualStudioVersion = 10.0.40219.1
Project("{FAE04EC0-301F-11D3-BF4B-00C04F79EFBC}") = "Login_WPF", "Login_WPF\Login_WPF.csproj", "{8666CC7A-66B0-48F6-970A-9C8F51F83C30}"
EndProject
Global
	GlobalSection(SolutionConfigurationPlatforms) = preSolution
		Debug|Any CPU = Debug|Any CPU
		Release|Any CPU = Release|Any CPU
	EndGlobalSection
	GlobalSection(ProjectConfigurationPlatforms) = postSolution
		{8666CC7A-66B0-48F6-970A-9C8F51F83C30}.Debug|Any CPU.ActiveCfg = Debug|Any CPU
		{8666CC7A-66B0-48F6-970A-9C8F51F83C30}.Debug|Any CPU.Build.0 = Debug|Any CPU
		{8666CC7A-66B0-48F6-970A-9C8F51F83C30}.Release|Any CPU.ActiveCfg = Release|Any CPU
		{8666CC7A-66B0-48F6-970A-9C8F51F83C30}.Release|Any CPU.Build.0 = Release|Any CPU
	EndGlobalSection
	GlobalSection(SolutionProperties) = preSolution
		HideSolutionNode = FALSE
	EndGlobalSection
	GlobalSection(ExtensibilityGlobals) = postSolution
		SolutionGuid = {86587997-ADE0-4E73-9B37-6A453B17021A}
	EndGlobalSection
EndGlobal
